
Microsoft Visual Studio Solution File, Format Version 12.00
Project("{FAE04EC0-301F-11D3-BF4B-00C04F79EFBC}") = "Moq2NSubstitute", "Moq2NSubstitute.csproj", "{55B623AF-5471-4977-A1BE-0BAFF71BA70F}"
EndProject
Global
	GlobalSection(SolutionConfigurationPlatforms) = preSolution
		Debug|Any CPU = Debug|Any CPU
		Release|Any CPU = Release|Any CPU
	EndGlobalSection
	GlobalSection(ProjectConfigurationPlatforms) = postSolution
		{55B623AF-5471-4977-A1BE-0BAFF71BA70F}.Debug|Any CPU.ActiveCfg = Debug|Any CPU
		{55B623AF-5471-4977-A1BE-0BAFF71BA70F}.Debug|Any CPU.Build.0 = Debug|Any CPU
		{55B623AF-5471-4977-A1BE-0BAFF71BA70F}.Release|Any CPU.ActiveCfg = Release|Any CPU
		{55B623AF-5471-4977-A1BE-0BAFF71BA70F}.Release|Any CPU.Build.0 = Release|Any CPU
	EndGlobalSection
EndGlobal
